
Microsoft Visual Studio Solution File, Format Version 12.00
# Visual Studio 2012
Project("{FAE04EC0-301F-11D3-BF4B-00C04F79EFBC}") = "web01", "web01\web01.csproj", "{3019ECF2-F4EA-45C6-9546-2C7A7C4455EF}"
EndProject
Project("{FAE04EC0-301F-11D3-BF4B-00C04F79EFBC}") = "web01.Tests", "web01.Tests\web01.Tests.csproj", "{0FA5CA5F-A788-4DE1-AE37-02B183256E6E}"
EndProject
Global
	GlobalSection(SolutionConfigurationPlatforms) = preSolution
		Debug|Any CPU = Debug|Any CPU
		Release|Any CPU = Release|Any CPU
	EndGlobalSection
	GlobalSection(ProjectConfigurationPlatforms) = postSolution
		{3019ECF2-F4EA-45C6-9546-2C7A7C4455EF}.Debug|Any CPU.ActiveCfg = Debug|Any CPU
		{3019ECF2-F4EA-45C6-9546-2C7A7C4455EF}.Debug|Any CPU.Build.0 = Debug|Any CPU
		{3019ECF2-F4EA-45C6-9546-2C7A7C4455EF}.Release|Any CPU.ActiveCfg = Release|Any CPU
		{3019ECF2-F4EA-45C6-9546-2C7A7C4455EF}.Release|Any CPU.Build.0 = Release|Any CPU
		{0FA5CA5F-A788-4DE1-AE37-02B183256E6E}.Debug|Any CPU.ActiveCfg = Debug|Any CPU
		{0FA5CA5F-A788-4DE1-AE37-02B183256E6E}.Debug|Any CPU.Build.0 = Debug|Any CPU
		{0FA5CA5F-A788-4DE1-AE37-02B183256E6E}.Release|Any CPU.ActiveCfg = Release|Any CPU
		{0FA5CA5F-A788-4DE1-AE37-02B183256E6E}.Release|Any CPU.Build.0 = Release|Any CPU
	EndGlobalSection
EndGlobal
