
Microsoft Visual Studio Solution File, Format Version 12.00
# Visual Studio 2012
Project("{FAE04EC0-301F-11D3-BF4B-00C04F79EFBC}") = "ASPnet1", "ASPnet1\ASPnet1.csproj", "{D3B29169-7038-42DB-8746-DE86C201EF50}"
EndProject
Project("{FAE04EC0-301F-11D3-BF4B-00C04F79EFBC}") = "ASPnet1.Tests", "ASPnet1.Tests\ASPnet1.Tests.csproj", "{F2658107-3498-4693-BD60-E3B0AE5C7DB9}"
EndProject
Project("{FAE04EC0-301F-11D3-BF4B-00C04F79EFBC}") = "dice", "dice\dice.csproj", "{87D896D6-04AA-470B-8CC7-01C781366DEF}"
EndProject
Global
	GlobalSection(SolutionConfigurationPlatforms) = preSolution
		Debug|Any CPU = Debug|Any CPU
		Release|Any CPU = Release|Any CPU
	EndGlobalSection
	GlobalSection(ProjectConfigurationPlatforms) = postSolution
		{D3B29169-7038-42DB-8746-DE86C201EF50}.Debug|Any CPU.ActiveCfg = Debug|Any CPU
		{D3B29169-7038-42DB-8746-DE86C201EF50}.Debug|Any CPU.Build.0 = Debug|Any CPU
		{D3B29169-7038-42DB-8746-DE86C201EF50}.Release|Any CPU.ActiveCfg = Release|Any CPU
		{D3B29169-7038-42DB-8746-DE86C201EF50}.Release|Any CPU.Build.0 = Release|Any CPU
		{F2658107-3498-4693-BD60-E3B0AE5C7DB9}.Debug|Any CPU.ActiveCfg = Debug|Any CPU
		{F2658107-3498-4693-BD60-E3B0AE5C7DB9}.Debug|Any CPU.Build.0 = Debug|Any CPU
		{F2658107-3498-4693-BD60-E3B0AE5C7DB9}.Release|Any CPU.ActiveCfg = Release|Any CPU
		{F2658107-3498-4693-BD60-E3B0AE5C7DB9}.Release|Any CPU.Build.0 = Release|Any CPU
		{87D896D6-04AA-470B-8CC7-01C781366DEF}.Debug|Any CPU.ActiveCfg = Debug|Any CPU
		{87D896D6-04AA-470B-8CC7-01C781366DEF}.Debug|Any CPU.Build.0 = Debug|Any CPU
		{87D896D6-04AA-470B-8CC7-01C781366DEF}.Release|Any CPU.ActiveCfg = Release|Any CPU
		{87D896D6-04AA-470B-8CC7-01C781366DEF}.Release|Any CPU.Build.0 = Release|Any CPU
	EndGlobalSection
EndGlobal
